// !$*UTF8*$!
{
	archiveVersion = 1;
	classes = {
	};
	objectVersion = 48;
	objects = {

/* Begin PBXBuildFile section */
		38543D2920181FD300BF75BD /* AppDelegate.swift in Sources */ = {isa = PBXBuildFile; fileRef = 38543D2820181FD300BF75BD /* AppDelegate.swift */; };
		38543D2B20181FD300BF75BD /* ViewController.swift in Sources */ = {isa = PBXBuildFile; fileRef = 38543D2A20181FD300BF75BD /* ViewController.swift */; };
		38543D2E20181FD300BF75BD /* Main.storyboard in Resources */ = {isa = PBXBuildFile; fileRef = 38543D2C20181FD300BF75BD /* Main.storyboard */; };
		38543D3020181FD300BF75BD /* Assets.xcassets in Resources */ = {isa = PBXBuildFile; fileRef = 38543D2F20181FD300BF75BD /* Assets.xcassets */; };
		38543D3320181FD300BF75BD /* LaunchScreen.storyboard in Resources */ = {isa = PBXBuildFile; fileRef = 38543D3120181FD300BF75BD /* LaunchScreen.storyboard */; };
		38543D3E20181FD300BF75BD /* TodoeyTests.swift in Sources */ = {isa = PBXBuildFile; fileRef = 38543D3D20181FD300BF75BD /* TodoeyTests.swift */; };
		38543D4920181FD300BF75BD /* TodoeyUITests.swift in Sources */ = {isa = PBXBuildFile; fileRef = 38543D4820181FD300BF75BD /* TodoeyUITests.swift */; };
/* End PBXBuildFile section */

/* Begin PBXContainerItemProxy section */
		38543D3A20181FD300BF75BD /* PBXContainerItemProxy */ = {
			isa = PBXContainerItemProxy;
			containerPortal = 38543D1D20181FD200BF75BD /* Project object */;
			proxyType = 1;
			remoteGlobalIDString = 38543D2420181FD200BF75BD;
			remoteInfo = Todoey;
		};
		38543D4520181FD300BF75BD /* PBXContainerItemProxy */ = {
			isa = PBXContainerItemProxy;
			containerPortal = 38543D1D20181FD200BF75BD /* Project object */;
			proxyType = 1;
			remoteGlobalIDString = 38543D2420181FD200BF75BD;
			remoteInfo = Todoey;
		};
/* End PBXContainerItemProxy section */

/* Begin PBXFileReference section */
		38543D2520181FD300BF75BD /* Todoey.app */ = {isa = PBXFileReference; explicitFileType = wrapper.application; includeInIndex = 0; path = Todoey.app; sourceTree = BUILT_PRODUCTS_DIR; };
		38543D2820181FD300BF75BD /* AppDelegate.swift */ = {isa = PBXFileReference; lastKnownFileType = sourcecode.swift; path = AppDelegate.swift; sourceTree = "<group>"; };
		38543D2A20181FD300BF75BD /* ViewController.swift */ = {isa = PBXFileReference; lastKnownFileType = sourcecode.swift; path = ViewController.swift; sourceTree = "<group>"; };
		38543D2D20181FD300BF75BD /* Base */ = {isa = PBXFileReference; lastKnownFileType = file.storyboard; name = Base; path = Base.lproj/Main.storyboard; sourceTree = "<group>"; };
		38543D2F20181FD300BF75BD /* Assets.xcassets */ = {isa = PBXFileReference; lastKnownFileType = folder.assetcatalog; path = Assets.xcassets; sourceTree = "<group>"; };
		38543D3220181FD300BF75BD /* Base */ = {isa = PBXFileReference; lastKnownFileType = file.storyboard; name = Base; path = Base.lproj/LaunchScreen.storyboard; sourceTree = "<group>"; };
		38543D3420181FD300BF75BD /* Info.plist */ = {isa = PBXFileReference; lastKnownFileType = text.plist.xml; path = Info.plist; sourceTree = "<group>"; };
		38543D3920181FD300BF75BD /* TodoeyTests.xctest */ = {isa = PBXFileReference; explicitFileType = wrapper.cfbundle; includeInIndex = 0; path = TodoeyTests.xctest; sourceTree = BUILT_PRODUCTS_DIR; };
		38543D3D20181FD300BF75BD /* TodoeyTests.swift */ = {isa = PBXFileReference; lastKnownFileType = sourcecode.swift; path = TodoeyTests.swift; sourceTree = "<group>"; };
		38543D3F20181FD300BF75BD /* Info.plist */ = {isa = PBXFileReference; lastKnownFileType = text.plist.xml; path = Info.plist; sourceTree = "<group>"; };
		38543D4420181FD300BF75BD /* TodoeyUITests.xctest */ = {isa = PBXFileReference; explicitFileType = wrapper.cfbundle; includeInIndex = 0; path = TodoeyUITests.xctest; sourceTree = BUILT_PRODUCTS_DIR; };
		38543D4820181FD300BF75BD /* TodoeyUITests.swift */ = {isa = PBXFileReference; lastKnownFileType = sourcecode.swift; path = TodoeyUITests.swift; sourceTree = "<group>"; };
		38543D4A20181FD300BF75BD /* Info.plist */ = {isa = PBXFileReference; lastKnownFileType = text.plist.xml; path = Info.plist; sourceTree = "<group>"; };
/* End PBXFileReference section */

/* Begin PBXFrameworksBuildPhase section */
		38543D2220181FD200BF75BD /* Frameworks */ = {
			isa = PBXFrameworksBuildPhase;
			buildActionMask = 2147483647;
			files = (
			);
			runOnlyForDeploymentPostprocessing = 0;
		};
		38543D3620181FD300BF75BD /* Frameworks */ = {
			isa = PBXFrameworksBuildPhase;
			buildActionMask = 2147483647;
			files = (
			);
			runOnlyForDeploymentPostprocessing = 0;
		};
		38543D4120181FD300BF75BD /* Frameworks */ = {
			isa = PBXFrameworksBuildPhase;
			buildActionMask = 2147483647;
			files = (
			);
			runOnlyForDeploymentPostprocessing = 0;
		};
/* End PBXFrameworksBuildPhase section */

/* Begin PBXGroup section */
		38543D1C20181FD200BF75BD = {
			isa = PBXGroup;
			children = (
				38543D2720181FD300BF75BD /* Todoey */,
				38543D3C20181FD300BF75BD /* TodoeyTests */,
				38543D4720181FD300BF75BD /* TodoeyUITests */,
				38543D2620181FD300BF75BD /* Products */,
			);
			sourceTree = "<group>";
		};
		38543D2620181FD300BF75BD /* Products */ = {
			isa = PBXGroup;
			children = (
				38543D2520181FD300BF75BD /* Todoey.app */,
				38543D3920181FD300BF75BD /* TodoeyTests.xctest */,
				38543D4420181FD300BF75BD /* TodoeyUITests.xctest */,
			);
			name = Products;
			sourceTree = "<group>";
		};
		38543D2720181FD300BF75BD /* Todoey */ = {
			isa = PBXGroup;
			children = (
				38543D2820181FD300BF75BD /* AppDelegate.swift */,
				38543D2A20181FD300BF75BD /* ViewController.swift */,
				38543D2C20181FD300BF75BD /* Main.storyboard */,
				38543D2F20181FD300BF75BD /* Assets.xcassets */,
				38543D3120181FD300BF75BD /* LaunchScreen.storyboard */,
				38543D3420181FD300BF75BD /* Info.plist */,
			);
			path = Todoey;
			sourceTree = "<group>";
		};
		38543D3C20181FD300BF75BD /* TodoeyTests */ = {
			isa = PBXGroup;
			children = (
				38543D3D20181FD300BF75BD /* TodoeyTests.swift */,
				38543D3F20181FD300BF75BD /* Info.plist */,
			);
			path = TodoeyTests;
			sourceTree = "<group>";
		};
		38543D4720181FD300BF75BD /* TodoeyUITests */ = {
			isa = PBXGroup;
			children = (
				38543D4820181FD300BF75BD /* TodoeyUITests.swift */,
				38543D4A20181FD300BF75BD /* Info.plist */,
			);
			path = TodoeyUITests;
			sourceTree = "<group>";
		};
/* End PBXGroup section */

/* Begin PBXNativeTarget section */
		38543D2420181FD200BF75BD /* Todoey */ = {
			isa = PBXNativeTarget;
			buildConfigurationList = 38543D4D20181FD300BF75BD /* Build configuration list for PBXNativeTarget "Todoey" */;
			buildPhases = (
				38543D2120181FD200BF75BD /* Sources */,
				38543D2220181FD200BF75BD /* Frameworks */,
				38543D2320181FD200BF75BD /* Resources */,
			);
			buildRules = (
			);
			dependencies = (
			);
			name = Todoey;
			productName = Todoey;
			productReference = 38543D2520181FD300BF75BD /* Todoey.app */;
			productType = "com.apple.product-type.application";
		};
		38543D3820181FD300BF75BD /* TodoeyTests */ = {
			isa = PBXNativeTarget;
			buildConfigurationList = 38543D5020181FD300BF75BD /* Build configuration list for PBXNativeTarget "TodoeyTests" */;
			buildPhases = (
				38543D3520181FD300BF75BD /* Sources */,
				38543D3620181FD300BF75BD /* Frameworks */,
				38543D3720181FD300BF75BD /* Resources */,
			);
			buildRules = (
			);
			dependencies = (
				38543D3B20181FD300BF75BD /* PBXTargetDependency */,
			);
			name = TodoeyTests;
			productName = TodoeyTests;
			productReference = 38543D3920181FD300BF75BD /* TodoeyTests.xctest */;
			productType = "com.apple.product-type.bundle.unit-test";
		};
		38543D4320181FD300BF75BD /* TodoeyUITests */ = {
			isa = PBXNativeTarget;
			buildConfigurationList = 38543D5320181FD300BF75BD /* Build configuration list for PBXNativeTarget "TodoeyUITests" */;
			buildPhases = (
				38543D4020181FD300BF75BD /* Sources */,
				38543D4120181FD300BF75BD /* Frameworks */,
				38543D4220181FD300BF75BD /* Resources */,
			);
			buildRules = (
			);
			dependencies = (
				38543D4620181FD300BF75BD /* PBXTargetDependency */,
			);
			name = TodoeyUITests;
			productName = TodoeyUITests;
			productReference = 38543D4420181FD300BF75BD /* TodoeyUITests.xctest */;
			productType = "com.apple.product-type.bundle.ui-testing";
		};
/* End PBXNativeTarget section */

/* Begin PBXProject section */
		38543D1D20181FD200BF75BD /* Project object */ = {
			isa = PBXProject;
			attributes = {
				LastSwiftUpdateCheck = 0920;
				LastUpgradeCheck = 0920;
				ORGANIZATIONNAME = "Raymond Zeng";
				TargetAttributes = {
					38543D2420181FD200BF75BD = {
						CreatedOnToolsVersion = 9.2;
						ProvisioningStyle = Automatic;
					};
					38543D3820181FD300BF75BD = {
						CreatedOnToolsVersion = 9.2;
						ProvisioningStyle = Automatic;
						TestTargetID = 38543D2420181FD200BF75BD;
					};
					38543D4320181FD300BF75BD = {
						CreatedOnToolsVersion = 9.2;
						ProvisioningStyle = Automatic;
						TestTargetID = 38543D2420181FD200BF75BD;
					};
				};
			};
			buildConfigurationList = 38543D2020181FD200BF75BD /* Build configuration list for PBXProject "Todoey" */;
			compatibilityVersion = "Xcode 8.0";
			developmentRegion = en;
			hasScannedForEncodings = 0;
			knownRegions = (
				en,
				Base,
			);
			mainGroup = 38543D1C20181FD200BF75BD;
			productRefGroup = 38543D2620181FD300BF75BD /* Products */;
			projectDirPath = "";
			projectRoot = "";
			targets = (
				38543D2420181FD200BF75BD /* Todoey */,
				38543D3820181FD300BF75BD /* TodoeyTests */,
				38543D4320181FD300BF75BD /* TodoeyUITests */,
			);
		};
/* End PBXProject section */

/* Begin PBXResourcesBuildPhase section */
		38543D2320181FD200BF75BD /* Resources */ = {
			isa = PBXResourcesBuildPhase;
			buildActionMask = 2147483647;
			files = (
				38543D3320181FD300BF75BD /* LaunchScreen.storyboard in Resources */,
				38543D3020181FD300BF75BD /* Assets.xcassets in Resources */,
				38543D2E20181FD300BF75BD /* Main.storyboard in Resources */,
			);
			runOnlyForDeploymentPostprocessing = 0;
		};
		38543D3720181FD300BF75BD /* Resources */ = {
			isa = PBXResourcesBuildPhase;
			buildActionMask = 2147483647;
			files = (
			);
			runOnlyForDeploymentPostprocessing = 0;
		};
		38543D4220181FD300BF75BD /* Resources */ = {
			isa = PBXResourcesBuildPhase;
			buildActionMask = 2147483647;
			files = (
			);
			runOnlyForDeploymentPostprocessing = 0;
		};
/* End PBXResourcesBuildPhase section */

/* Begin PBXSourcesBuildPhase section */
		38543D2120181FD200BF75BD /* Sources */ = {
			isa = PBXSourcesBuildPhase;
			buildActionMask = 2147483647;
			files = (
				38543D2B20181FD300BF75BD /* ViewController.swift in Sources */,
				38543D2920181FD300BF75BD /* AppDelegate.swift in Sources */,
			);
			runOnlyForDeploymentPostprocessing = 0;
		};
		38543D3520181FD300BF75BD /* Sources */ = {
			isa = PBXSourcesBuildPhase;
			buildActionMask = 2147483647;
			files = (
				38543D3E20181FD300BF75BD /* TodoeyTests.swift in Sources */,
			);
			runOnlyForDeploymentPostprocessing = 0;
		};
		38543D4020181FD300BF75BD /* Sources */ = {
			isa = PBXSourcesBuildPhase;
			buildActionMask = 2147483647;
			files = (
				38543D4920181FD300BF75BD /* TodoeyUITests.swift in Sources */,
			);
			runOnlyForDeploymentPostprocessing = 0;
		};
/* End PBXSourcesBuildPhase section */

/* Begin PBXTargetDependency section */
		38543D3B20181FD300BF75BD /* PBXTargetDependency */ = {
			isa = PBXTargetDependency;
			target = 38543D2420181FD200BF75BD /* Todoey */;
			targetProxy = 38543D3A20181FD300BF75BD /* PBXContainerItemProxy */;
		};
		38543D4620181FD300BF75BD /* PBXTargetDependency */ = {
			isa = PBXTargetDependency;
			target = 38543D2420181FD200BF75BD /* Todoey */;
			targetProxy = 38543D4520181FD300BF75BD /* PBXContainerItemProxy */;
		};
/* End PBXTargetDependency section */

/* Begin PBXVariantGroup section */
		38543D2C20181FD300BF75BD /* Main.storyboard */ = {
			isa = PBXVariantGroup;
			children = (
				38543D2D20181FD300BF75BD /* Base */,
			);
			name = Main.storyboard;
			sourceTree = "<group>";
		};
		38543D3120181FD300BF75BD /* LaunchScreen.storyboard */ = {
			isa = PBXVariantGroup;
			children = (
				38543D3220181FD300BF75BD /* Base */,
			);
			name = LaunchScreen.storyboard;
			sourceTree = "<group>";
		};
/* End PBXVariantGroup section */

/* Begin XCBuildConfiguration section */
		38543D4B20181FD300BF75BD /* Debug */ = {
			isa = XCBuildConfiguration;
			buildSettings = {
				ALWAYS_SEARCH_USER_PATHS = NO;
				CLANG_ANALYZER_NONNULL = YES;
				CLANG_ANALYZER_NUMBER_OBJECT_CONVERSION = YES_AGGRESSIVE;
				CLANG_CXX_LANGUAGE_STANDARD = "gnu++14";
				CLANG_CXX_LIBRARY = "libc++";
				CLANG_ENABLE_MODULES = YES;
				CLANG_ENABLE_OBJC_ARC = YES;
				CLANG_WARN_BLOCK_CAPTURE_AUTORELEASING = YES;
				CLANG_WARN_BOOL_CONVERSION = YES;
				CLANG_WARN_COMMA = YES;
				CLANG_WARN_CONSTANT_CONVERSION = YES;
				CLANG_WARN_DIRECT_OBJC_ISA_USAGE = YES_ERROR;
				CLANG_WARN_DOCUMENTATION_COMMENTS = YES;
				CLANG_WARN_EMPTY_BODY = YES;
				CLANG_WARN_ENUM_CONVERSION = YES;
				CLANG_WARN_INFINITE_RECURSION = YES;
				CLANG_WARN_INT_CONVERSION = YES;
				CLANG_WARN_NON_LITERAL_NULL_CONVERSION = YES;
				CLANG_WARN_OBJC_LITERAL_CONVERSION = YES;
				CLANG_WARN_OBJC_ROOT_CLASS = YES_ERROR;
				CLANG_WARN_RANGE_LOOP_ANALYSIS = YES;
				CLANG_WARN_STRICT_PROTOTYPES = YES;
				CLANG_WARN_SUSPICIOUS_MOVE = YES;
				CLANG_WARN_UNGUARDED_AVAILABILITY = YES_AGGRESSIVE;
				CLANG_WARN_UNREACHABLE_CODE = YES;
				CLANG_WARN__DUPLICATE_METHOD_MATCH = YES;
				CODE_SIGN_IDENTITY = "iPhone Developer";
				COPY_PHASE_STRIP = NO;
				DEBUG_INFORMATION_FORMAT = dwarf;
				ENABLE_STRICT_OBJC_MSGSEND = YES;
				ENABLE_TESTABILITY = YES;
				GCC_C_LANGUAGE_STANDARD = gnu11;
				GCC_DYNAMIC_NO_PIC = NO;
				GCC_NO_COMMON_BLOCKS = YES;
				GCC_OPTIMIZATION_LEVEL = 0;
				GCC_PREPROCESSOR_DEFINITIONS = (
					"DEBUG=1",
					"$(inherited)",
				);
				GCC_WARN_64_TO_32_BIT_CONVERSION = YES;
				GCC_WARN_ABOUT_RETURN_TYPE = YES_ERROR;
				GCC_WARN_UNDECLARED_SELECTOR = YES;
				GCC_WARN_UNINITIALIZED_AUTOS = YES_AGGRESSIVE;
				GCC_WARN_UNUSED_FUNCTION = YES;
				GCC_WARN_UNUSED_VARIABLE = YES;
				IPHONEOS_DEPLOYMENT_TARGET = 11.2;
				MTL_ENABLE_DEBUG_INFO = YES;
				ONLY_ACTIVE_ARCH = YES;
				SDKROOT = iphoneos;
				SWIFT_ACTIVE_COMPILATION_CONDITIONS = DEBUG;
				SWIFT_OPTIMIZATION_LEVEL = "-Onone";
			};
			name = Debug;
		};
		38543D4C20181FD300BF75BD /* Release */ = {
			isa = XCBuildConfiguration;
			buildSettings = {
				ALWAYS_SEARCH_USER_PATHS = NO;
				CLANG_ANALYZER_NONNULL = YES;
				CLANG_ANALYZER_NUMBER_OBJECT_CONVERSION = YES_AGGRESSIVE;
				CLANG_CXX_LANGUAGE_STANDARD = "gnu++14";
				CLANG_CXX_LIBRARY = "libc++";
				CLANG_ENABLE_MODULES = YES;
				CLANG_ENABLE_OBJC_ARC = YES;
				CLANG_WARN_BLOCK_CAPTURE_AUTORELEASING = YES;
				CLANG_WARN_BOOL_CONVERSION = YES;
				CLANG_WARN_COMMA = YES;
				CLANG_WARN_CONSTANT_CONVERSION = YES;
				CLANG_WARN_DIRECT_OBJC_ISA_USAGE = YES_ERROR;
				CLANG_WARN_DOCUMENTATION_COMMENTS = YES;
				CLANG_WARN_EMPTY_BODY = YES;
				CLANG_WARN_ENUM_CONVERSION = YES;
				CLANG_WARN_INFINITE_RECURSION = YES;
				CLANG_WARN_INT_CONVERSION = YES;
				CLANG_WARN_NON_LITERAL_NULL_CONVERSION = YES;
				CLANG_WARN_OBJC_LITERAL_CONVERSION = YES;
				CLANG_WARN_OBJC_ROOT_CLASS = YES_ERROR;
				CLANG_WARN_RANGE_LOOP_ANALYSIS = YES;
				CLANG_WARN_STRICT_PROTOTYPES = YES;
				CLANG_WARN_SUSPICIOUS_MOVE = YES;
				CLANG_WARN_UNGUARDED_AVAILABILITY = YES_AGGRESSIVE;
				CLANG_WARN_UNREACHABLE_CODE = YES;
				CLANG_WARN__DUPLICATE_METHOD_MATCH = YES;
				CODE_SIGN_IDENTITY = "iPhone Developer";
				COPY_PHASE_STRIP = NO;
				DEBUG_INFORMATION_FORMAT = "dwarf-with-dsym";
				ENABLE_NS_ASSERTIONS = NO;
				ENABLE_STRICT_OBJC_MSGSEND = YES;
				GCC_C_LANGUAGE_STANDARD = gnu11;
				GCC_NO_COMMON_BLOCKS = YES;
				GCC_WARN_64_TO_32_BIT_CONVERSION = YES;
				GCC_WARN_ABOUT_RETURN_TYPE = YES_ERROR;
				GCC_WARN_UNDECLARED_SELECTOR = YES;
				GCC_WARN_UNINITIALIZED_AUTOS = YES_AGGRESSIVE;
				GCC_WARN_UNUSED_FUNCTION = YES;
				GCC_WARN_UNUSED_VARIABLE = YES;
				IPHONEOS_DEPLOYMENT_TARGET = 11.2;
				MTL_ENABLE_DEBUG_INFO = NO;
				SDKROOT = iphoneos;
				SWIFT_OPTIMIZATION_LEVEL = "-Owholemodule";
				VALIDATE_PRODUCT = YES;
			};
			name = Release;
		};
		38543D4E20181FD300BF75BD /* Debug */ = {
			isa = XCBuildConfiguration;
			buildSettings = {
				ASSETCATALOG_COMPILER_APPICON_NAME = AppIcon;
				CODE_SIGN_STYLE = Automatic;
				INFOPLIST_FILE = Todoey/Info.plist;
				LD_RUNPATH_SEARCH_PATHS = "$(inherited) @executable_path/Frameworks";
				PRODUCT_BUNDLE_IDENTIFIER = braiizen.Todoey;
				PRODUCT_NAME = "$(TARGET_NAME)";
				SWIFT_VERSION = 4.0;
				TARGETED_DEVICE_FAMILY = "1,2";
			};
			name = Debug;
		};
		38543D4F20181FD300BF75BD /* Release */ = {
			isa = XCBuildConfiguration;
			buildSettings = {
				ASSETCATALOG_COMPILER_APPICON_NAME = AppIcon;
				CODE_SIGN_STYLE = Automatic;
				INFOPLIST_FILE = Todoey/Info.plist;
				LD_RUNPATH_SEARCH_PATHS = "$(inherited) @executable_path/Frameworks";
				PRODUCT_BUNDLE_IDENTIFIER = braiizen.Todoey;
				PRODUCT_NAME = "$(TARGET_NAME)";
				SWIFT_VERSION = 4.0;
				TARGETED_DEVICE_FAMILY = "1,2";
			};
			name = Release;
		};
		38543D5120181FD300BF75BD /* Debug */ = {
			isa = XCBuildConfiguration;
			buildSettings = {
				ALWAYS_EMBED_SWIFT_STANDARD_LIBRARIES = YES;
				BUNDLE_LOADER = "$(TEST_HOST)";
				CODE_SIGN_STYLE = Automatic;
				INFOPLIST_FILE = TodoeyTests/Info.plist;
				LD_RUNPATH_SEARCH_PATHS = "$(inherited) @executable_path/Frameworks @loader_path/Frameworks";
				PRODUCT_BUNDLE_IDENTIFIER = braiizen.TodoeyTests;
				PRODUCT_NAME = "$(TARGET_NAME)";
				SWIFT_VERSION = 4.0;
				TARGETED_DEVICE_FAMILY = "1,2";
				TEST_HOST = "$(BUILT_PRODUCTS_DIR)/Todoey.app/Todoey";
			};
			name = Debug;
		};
		38543D5220181FD300BF75BD /* Release */ = {
			isa = XCBuildConfiguration;
			buildSettings = {
				ALWAYS_EMBED_SWIFT_STANDARD_LIBRARIES = YES;
				BUNDLE_LOADER = "$(TEST_HOST)";
				CODE_SIGN_STYLE = Automatic;
				INFOPLIST_FILE = TodoeyTests/Info.plist;
				LD_RUNPATH_SEARCH_PATHS = "$(inherited) @executable_path/Frameworks @loader_path/Frameworks";
				PRODUCT_BUNDLE_IDENTIFIER = braiizen.TodoeyTests;
				PRODUCT_NAME = "$(TARGET_NAME)";
				SWIFT_VERSION = 4.0;
				TARGETED_DEVICE_FAMILY = "1,2";
				TEST_HOST = "$(BUILT_PRODUCTS_DIR)/Todoey.app/Todoey";
			};
			name = Release;
		};
		38543D5420181FD300BF75BD /* Debug */ = {
			isa = XCBuildConfiguration;
			buildSettings = {
				ALWAYS_EMBED_SWIFT_STANDARD_LIBRARIES = YES;
				CODE_SIGN_STYLE = Automatic;
				INFOPLIST_FILE = TodoeyUITests/Info.plist;
				LD_RUNPATH_SEARCH_PATHS = "$(inherited) @executable_path/Frameworks @loader_path/Frameworks";
				PRODUCT_BUNDLE_IDENTIFIER = braiizen.TodoeyUITests;
				PRODUCT_NAME = "$(TARGET_NAME)";
				SWIFT_VERSION = 4.0;
				TARGETED_DEVICE_FAMILY = "1,2";
				TEST_TARGET_NAME = Todoey;
			};
			name = Debug;
		};
		38543D5520181FD300BF75BD /* Release */ = {
			isa = XCBuildConfiguration;
			buildSettings = {
				ALWAYS_EMBED_SWIFT_STANDARD_LIBRARIES = YES;
				CODE_SIGN_STYLE = Automatic;
				INFOPLIST_FILE = TodoeyUITests/Info.plist;
				LD_RUNPATH_SEARCH_PATHS = "$(inherited) @executable_path/Frameworks @loader_path/Frameworks";
				PRODUCT_BUNDLE_IDENTIFIER = braiizen.TodoeyUITests;
				PRODUCT_NAME = "$(TARGET_NAME)";
				SWIFT_VERSION = 4.0;
				TARGETED_DEVICE_FAMILY = "1,2";
				TEST_TARGET_NAME = Todoey;
			};
			name = Release;
		};
/* End XCBuildConfiguration section */

/* Begin XCConfigurationList section */
		38543D2020181FD200BF75BD /* Build configuration list for PBXProject "Todoey" */ = {
			isa = XCConfigurationList;
			buildConfigurations = (
				38543D4B20181FD300BF75BD /* Debug */,
				38543D4C20181FD300BF75BD /* Release */,
			);
			defaultConfigurationIsVisible = 0;
			defaultConfigurationName = Release;
		};
		38543D4D20181FD300BF75BD /* Build configuration list for PBXNativeTarget "Todoey" */ = {
			isa = XCConfigurationList;
			buildConfigurations = (
				38543D4E20181FD300BF75BD /* Debug */,
				38543D4F20181FD300BF75BD /* Release */,
			);
			defaultConfigurationIsVisible = 0;
			defaultConfigurationName = Release;
		};
		38543D5020181FD300BF75BD /* Build configuration list for PBXNativeTarget "TodoeyTests" */ = {
			isa = XCConfigurationList;
			buildConfigurations = (
				38543D5120181FD300BF75BD /* Debug */,
				38543D5220181FD300BF75BD /* Release */,
			);
			defaultConfigurationIsVisible = 0;
			defaultConfigurationName = Release;
		};
		38543D5320181FD300BF75BD /* Build configuration list for PBXNativeTarget "TodoeyUITests" */ = {
			isa = XCConfigurationList;
			buildConfigurations = (
				38543D5420181FD300BF75BD /* Debug */,
				38543D5520181FD300BF75BD /* Release */,
			);
			defaultConfigurationIsVisible = 0;
			defaultConfigurationName = Release;
		};
/* End XCConfigurationList section */
	};
	rootObject = 38543D1D20181FD200BF75BD /* Project object */;
}
